// !$*UTF8*$!
{
	archiveVersion = 1;
	classes = {
	};
	objectVersion = 56;
	objects = {

/* Begin PBXBuildFile section */
		184C12CA2CC6675A00D924D4 /* CustomTubItems.swift in Sources */ = {isa = PBXBuildFile; fileRef = 184C12C92CC6675A00D924D4 /* CustomTubItems.swift */; };
		184C12CD2CC6679600D924D4 /* EnumTabItem.swift in Sources */ = {isa = PBXBuildFile; fileRef = 184C12CC2CC6679600D924D4 /* EnumTabItem.swift */; };
		184C12CF2CC668B600D924D4 /* MainTabView.swift in Sources */ = {isa = PBXBuildFile; fileRef = 184C12CE2CC668B600D924D4 /* MainTabView.swift */; };
		184C12D12CC668EC00D924D4 /* CoordinatorManager.swift in Sources */ = {isa = PBXBuildFile; fileRef = 184C12D02CC668EC00D924D4 /* CoordinatorManager.swift */; };
		184C12D32CC6697700D924D4 /* TabViewWithCoordinator.swift in Sources */ = {isa = PBXBuildFile; fileRef = 184C12D22CC6697700D924D4 /* TabViewWithCoordinator.swift */; };
		184C12D52CC66A3C00D924D4 /* HomeCoordinator.swift in Sources */ = {isa = PBXBuildFile; fileRef = 184C12D42CC66A3C00D924D4 /* HomeCoordinator.swift */; };
		184C12D72CC76A4D00D924D4 /* ProductsCoordinator.swift in Sources */ = {isa = PBXBuildFile; fileRef = 184C12D62CC76A4D00D924D4 /* ProductsCoordinator.swift */; };
		184C12DA2CC76B8300D924D4 /* ProductsPage.swift in Sources */ = {isa = PBXBuildFile; fileRef = 184C12D92CC76B8300D924D4 /* ProductsPage.swift */; };
		184C12E02CC8F29B00D924D4 /* SearchView.swift in Sources */ = {isa = PBXBuildFile; fileRef = 184C12DF2CC8F29B00D924D4 /* SearchView.swift */; };
		184C12E32CCFA3A500D924D4 /* ContactInfo.swift in Sources */ = {isa = PBXBuildFile; fileRef = 184C12E22CCFA3A500D924D4 /* ContactInfo.swift */; };
		184C12EB2CD37ECC00D924D4 /* ProductsResponse.swift in Sources */ = {isa = PBXBuildFile; fileRef = 184C12EA2CD37ECC00D924D4 /* ProductsResponse.swift */; };
		184C12ED2CD37F0000D924D4 /* Product.swift in Sources */ = {isa = PBXBuildFile; fileRef = 184C12EC2CD37F0000D924D4 /* Product.swift */; };
		184C12EF2CD37F2E00D924D4 /* ProductImage.swift in Sources */ = {isa = PBXBuildFile; fileRef = 184C12EE2CD37F2E00D924D4 /* ProductImage.swift */; };
		184C12F12CD391FF00D924D4 /* ProductsPageViewModel.swift in Sources */ = {isa = PBXBuildFile; fileRef = 184C12F02CD391FF00D924D4 /* ProductsPageViewModel.swift */; };
		184C12F42CD4D2CD00D924D4 /* ProductCard.swift in Sources */ = {isa = PBXBuildFile; fileRef = 184C12F32CD4D2CD00D924D4 /* ProductCard.swift */; };
		187E99ED2CBCD21B0097CF97 /* InfoCard.swift in Sources */ = {isa = PBXBuildFile; fileRef = 187E99EC2CBCD21B0097CF97 /* InfoCard.swift */; };
		187E99F02CBCD2BB0097CF97 /* Kingfisher in Frameworks */ = {isa = PBXBuildFile; productRef = 187E99EF2CBCD2BB0097CF97 /* Kingfisher */; };
		187E99F42CBE2DC50097CF97 /* InfoAddressesView.swift in Sources */ = {isa = PBXBuildFile; fileRef = 187E99F32CBE2DC50097CF97 /* InfoAddressesView.swift */; };
		18C25CDF2CB93A9100FF4D82 /* NetworkManager.swift in Sources */ = {isa = PBXBuildFile; fileRef = 18C25CDE2CB93A9100FF4D82 /* NetworkManager.swift */; };
		18C25CE22CB93F0B00FF4D82 /* Moya in Frameworks */ = {isa = PBXBuildFile; productRef = 18C25CE12CB93F0B00FF4D82 /* Moya */; };
		18C25CE42CBBE93900FF4D82 /* MainContentViewModel.swift in Sources */ = {isa = PBXBuildFile; fileRef = 18C25CE32CBBE93900FF4D82 /* MainContentViewModel.swift */; };
		18C25CE62CBBEB8700FF4D82 /* MainContentView.swift in Sources */ = {isa = PBXBuildFile; fileRef = 18C25CE52CBBEB8700FF4D82 /* MainContentView.swift */; };
		18C481222CE7105000C731C3 /* ProductInfoPage.swift in Sources */ = {isa = PBXBuildFile; fileRef = 18C481212CE7105000C731C3 /* ProductInfoPage.swift */; };
		18C481242CEB05F800C731C3 /* CoordinatorProtocol.swift in Sources */ = {isa = PBXBuildFile; fileRef = 18C481232CEB05F800C731C3 /* CoordinatorProtocol.swift */; };
		18DF13542CB3B93C00FDB064 /* PracticeDIApp.swift in Sources */ = {isa = PBXBuildFile; fileRef = 18DF13532CB3B93C00FDB064 /* PracticeDIApp.swift */; };
		18DF13582CB3B93E00FDB064 /* Assets.xcassets in Resources */ = {isa = PBXBuildFile; fileRef = 18DF13572CB3B93E00FDB064 /* Assets.xcassets */; };
		18DF135B2CB3B93E00FDB064 /* Preview Assets.xcassets in Resources */ = {isa = PBXBuildFile; fileRef = 18DF135A2CB3B93E00FDB064 /* Preview Assets.xcassets */; };
		18DF13682CB3BB6100FDB064 /* AppCoordinator.swift in Sources */ = {isa = PBXBuildFile; fileRef = 18DF13672CB3BB6100FDB064 /* AppCoordinator.swift */; };
		18DF136B2CB3BC1400FDB064 /* DependencyManager.swift in Sources */ = {isa = PBXBuildFile; fileRef = 18DF136A2CB3BC1400FDB064 /* DependencyManager.swift */; };
		18DF136E2CB3BC7A00FDB064 /* Swinject in Frameworks */ = {isa = PBXBuildFile; productRef = 18DF136D2CB3BC7A00FDB064 /* Swinject */; };
		18DF13752CB3BDB100FDB064 /* LaunchScreen.swift in Sources */ = {isa = PBXBuildFile; fileRef = 18DF13742CB3BDB100FDB064 /* LaunchScreen.swift */; };
		18DF13782CB3C3FB00FDB064 /* MainView.swift in Sources */ = {isa = PBXBuildFile; fileRef = 18DF13772CB3C3FB00FDB064 /* MainView.swift */; };
		18DF137B2CB3D0FB00FDB064 /* TargetService.swift in Sources */ = {isa = PBXBuildFile; fileRef = 18DF137A2CB3D0FB00FDB064 /* TargetService.swift */; };
		18DF137D2CB3D97000FDB064 /* ResponseCompanies .swift in Sources */ = {isa = PBXBuildFile; fileRef = 18DF137C2CB3D97000FDB064 /* ResponseCompanies .swift */; };
		18DF137F2CB3D99800FDB064 /* UserData.swift in Sources */ = {isa = PBXBuildFile; fileRef = 18DF137E2CB3D99800FDB064 /* UserData.swift */; };
		18DF13812CB3D9AE00FDB064 /* Address.swift in Sources */ = {isa = PBXBuildFile; fileRef = 18DF13802CB3D9AE00FDB064 /* Address.swift */; };
		18DF13832CB3D9C100FDB064 /* Contact.swift in Sources */ = {isa = PBXBuildFile; fileRef = 18DF13822CB3D9C100FDB064 /* Contact.swift */; };
/* End PBXBuildFile section */

/* Begin PBXFileReference section */
		184C12C92CC6675A00D924D4 /* CustomTubItems.swift */ = {isa = PBXFileReference; lastKnownFileType = sourcecode.swift; path = CustomTubItems.swift; sourceTree = "<group>"; };
		184C12CC2CC6679600D924D4 /* EnumTabItem.swift */ = {isa = PBXFileReference; lastKnownFileType = sourcecode.swift; path = EnumTabItem.swift; sourceTree = "<group>"; };
		184C12CE2CC668B600D924D4 /* MainTabView.swift */ = {isa = PBXFileReference; lastKnownFileType = sourcecode.swift; path = MainTabView.swift; sourceTree = "<group>"; };
		184C12D02CC668EC00D924D4 /* CoordinatorManager.swift */ = {isa = PBXFileReference; lastKnownFileType = sourcecode.swift; path = CoordinatorManager.swift; sourceTree = "<group>"; };
		184C12D22CC6697700D924D4 /* TabViewWithCoordinator.swift */ = {isa = PBXFileReference; lastKnownFileType = sourcecode.swift; path = TabViewWithCoordinator.swift; sourceTree = "<group>"; };
		184C12D42CC66A3C00D924D4 /* HomeCoordinator.swift */ = {isa = PBXFileReference; lastKnownFileType = sourcecode.swift; path = HomeCoordinator.swift; sourceTree = "<group>"; };
		184C12D62CC76A4D00D924D4 /* ProductsCoordinator.swift */ = {isa = PBXFileReference; lastKnownFileType = sourcecode.swift; path = ProductsCoordinator.swift; sourceTree = "<group>"; };
		184C12D92CC76B8300D924D4 /* ProductsPage.swift */ = {isa = PBXFileReference; lastKnownFileType = sourcecode.swift; path = ProductsPage.swift; sourceTree = "<group>"; };
		184C12DF2CC8F29B00D924D4 /* SearchView.swift */ = {isa = PBXFileReference; lastKnownFileType = sourcecode.swift; path = SearchView.swift; sourceTree = "<group>"; };
		184C12E22CCFA3A500D924D4 /* ContactInfo.swift */ = {isa = PBXFileReference; lastKnownFileType = sourcecode.swift; path = ContactInfo.swift; sourceTree = "<group>"; };
		184C12EA2CD37ECC00D924D4 /* ProductsResponse.swift */ = {isa = PBXFileReference; lastKnownFileType = sourcecode.swift; path = ProductsResponse.swift; sourceTree = "<group>"; };
		184C12EC2CD37F0000D924D4 /* Product.swift */ = {isa = PBXFileReference; lastKnownFileType = sourcecode.swift; path = Product.swift; sourceTree = "<group>"; };
		184C12EE2CD37F2E00D924D4 /* ProductImage.swift */ = {isa = PBXFileReference; lastKnownFileType = sourcecode.swift; path = ProductImage.swift; sourceTree = "<group>"; };
		184C12F02CD391FF00D924D4 /* ProductsPageViewModel.swift */ = {isa = PBXFileReference; lastKnownFileType = sourcecode.swift; path = ProductsPageViewModel.swift; sourceTree = "<group>"; };
		184C12F32CD4D2CD00D924D4 /* ProductCard.swift */ = {isa = PBXFileReference; lastKnownFileType = sourcecode.swift; path = ProductCard.swift; sourceTree = "<group>"; };
		187E99EC2CBCD21B0097CF97 /* InfoCard.swift */ = {isa = PBXFileReference; lastKnownFileType = sourcecode.swift; path = InfoCard.swift; sourceTree = "<group>"; };
		187E99F12CBCDA8B0097CF97 /* Info.plist */ = {isa = PBXFileReference; lastKnownFileType = text.plist; path = Info.plist; sourceTree = "<group>"; };
		187E99F32CBE2DC50097CF97 /* InfoAddressesView.swift */ = {isa = PBXFileReference; lastKnownFileType = sourcecode.swift; path = InfoAddressesView.swift; sourceTree = "<group>"; };
		18C25CDE2CB93A9100FF4D82 /* NetworkManager.swift */ = {isa = PBXFileReference; lastKnownFileType = sourcecode.swift; path = NetworkManager.swift; sourceTree = "<group>"; };
		18C25CE32CBBE93900FF4D82 /* MainContentViewModel.swift */ = {isa = PBXFileReference; lastKnownFileType = sourcecode.swift; path = MainContentViewModel.swift; sourceTree = "<group>"; };
		18C25CE52CBBEB8700FF4D82 /* MainContentView.swift */ = {isa = PBXFileReference; lastKnownFileType = sourcecode.swift; path = MainContentView.swift; sourceTree = "<group>"; };
		18C481212CE7105000C731C3 /* ProductInfoPage.swift */ = {isa = PBXFileReference; lastKnownFileType = sourcecode.swift; path = ProductInfoPage.swift; sourceTree = "<group>"; };
		18C481232CEB05F800C731C3 /* CoordinatorProtocol.swift */ = {isa = PBXFileReference; lastKnownFileType = sourcecode.swift; path = CoordinatorProtocol.swift; sourceTree = "<group>"; };
		18DF13502CB3B93C00FDB064 /* PracticeDI.app */ = {isa = PBXFileReference; explicitFileType = wrapper.application; includeInIndex = 0; path = PracticeDI.app; sourceTree = BUILT_PRODUCTS_DIR; };
		18DF13532CB3B93C00FDB064 /* PracticeDIApp.swift */ = {isa = PBXFileReference; lastKnownFileType = sourcecode.swift; path = PracticeDIApp.swift; sourceTree = "<group>"; };
		18DF13572CB3B93E00FDB064 /* Assets.xcassets */ = {isa = PBXFileReference; lastKnownFileType = folder.assetcatalog; path = Assets.xcassets; sourceTree = "<group>"; };
		18DF135A2CB3B93E00FDB064 /* Preview Assets.xcassets */ = {isa = PBXFileReference; lastKnownFileType = folder.assetcatalog; path = "Preview Assets.xcassets"; sourceTree = "<group>"; };
		18DF13672CB3BB6100FDB064 /* AppCoordinator.swift */ = {isa = PBXFileReference; lastKnownFileType = sourcecode.swift; path = AppCoordinator.swift; sourceTree = "<group>"; };
		18DF136A2CB3BC1400FDB064 /* DependencyManager.swift */ = {isa = PBXFileReference; lastKnownFileType = sourcecode.swift; path = DependencyManager.swift; sourceTree = "<group>"; };
		18DF13742CB3BDB100FDB064 /* LaunchScreen.swift */ = {isa = PBXFileReference; lastKnownFileType = sourcecode.swift; path = LaunchScreen.swift; sourceTree = "<group>"; };
		18DF13772CB3C3FB00FDB064 /* MainView.swift */ = {isa = PBXFileReference; lastKnownFileType = sourcecode.swift; path = MainView.swift; sourceTree = "<group>"; };
		18DF137A2CB3D0FB00FDB064 /* TargetService.swift */ = {isa = PBXFileReference; lastKnownFileType = sourcecode.swift; path = TargetService.swift; sourceTree = "<group>"; };
		18DF137C2CB3D97000FDB064 /* ResponseCompanies .swift */ = {isa = PBXFileReference; lastKnownFileType = sourcecode.swift; path = "ResponseCompanies .swift"; sourceTree = "<group>"; };
		18DF137E2CB3D99800FDB064 /* UserData.swift */ = {isa = PBXFileReference; lastKnownFileType = sourcecode.swift; path = UserData.swift; sourceTree = "<group>"; };
		18DF13802CB3D9AE00FDB064 /* Address.swift */ = {isa = PBXFileReference; lastKnownFileType = sourcecode.swift; path = Address.swift; sourceTree = "<group>"; };
		18DF13822CB3D9C100FDB064 /* Contact.swift */ = {isa = PBXFileReference; lastKnownFileType = sourcecode.swift; path = Contact.swift; sourceTree = "<group>"; };
/* End PBXFileReference section */

/* Begin PBXFrameworksBuildPhase section */
		18DF134D2CB3B93C00FDB064 /* Frameworks */ = {
			isa = PBXFrameworksBuildPhase;
			buildActionMask = 2147483647;
			files = (
				187E99F02CBCD2BB0097CF97 /* Kingfisher in Frameworks */,
				18C25CE22CB93F0B00FF4D82 /* Moya in Frameworks */,
				18DF136E2CB3BC7A00FDB064 /* Swinject in Frameworks */,
			);
			runOnlyForDeploymentPostprocessing = 0;
		};
/* End PBXFrameworksBuildPhase section */

/* Begin PBXGroup section */
		184C12C72CC6672000D924D4 /* MainTabView */ = {
			isa = PBXGroup;
			children = (
				184C12C92CC6675A00D924D4 /* CustomTubItems.swift */,
				184C12CE2CC668B600D924D4 /* MainTabView.swift */,
				184C12D22CC6697700D924D4 /* TabViewWithCoordinator.swift */,
			);
			path = MainTabView;
			sourceTree = "<group>";
		};
		184C12CB2CC6677D00D924D4 /* Sources */ = {
			isa = PBXGroup;
			children = (
				184C12CC2CC6679600D924D4 /* EnumTabItem.swift */,
			);
			path = Sources;
			sourceTree = "<group>";
		};
		184C12D82CC76B7000D924D4 /* ProductsPage */ = {
			isa = PBXGroup;
			children = (
				184C12F22CD4D2AF00D924D4 /* Auxiliary */,
				184C12D92CC76B8300D924D4 /* ProductsPage.swift */,
			);
			path = ProductsPage;
			sourceTree = "<group>";
		};
		184C12DE2CC8F25300D924D4 /* ReusedView */ = {
			isa = PBXGroup;
			children = (
				184C12DF2CC8F29B00D924D4 /* SearchView.swift */,
			);
			path = ReusedView;
			sourceTree = "<group>";
		};
		184C12E12CCFA38900D924D4 /* Auxiliary */ = {
			isa = PBXGroup;
			children = (
				184C12E22CCFA3A500D924D4 /* ContactInfo.swift */,
			);
			path = Auxiliary;
			sourceTree = "<group>";
		};
		184C12F22CD4D2AF00D924D4 /* Auxiliary */ = {
			isa = PBXGroup;
			children = (
				184C12F32CD4D2CD00D924D4 /* ProductCard.swift */,
			);
			path = Auxiliary;
			sourceTree = "<group>";
		};
		187E99EB2CBCD1F90097CF97 /* Auxiliary */ = {
			isa = PBXGroup;
			children = (
				187E99EC2CBCD21B0097CF97 /* InfoCard.swift */,
			);
			path = Auxiliary;
			sourceTree = "<group>";
		};
		187E99F22CBE2D9F0097CF97 /* InfoAddresses */ = {
			isa = PBXGroup;
			children = (
				184C12E12CCFA38900D924D4 /* Auxiliary */,
				187E99F32CBE2DC50097CF97 /* InfoAddressesView.swift */,
			);
			path = InfoAddresses;
			sourceTree = "<group>";
		};
		18C25CE02CB93F0B00FF4D82 /* Frameworks */ = {
			isa = PBXGroup;
			children = (
			);
			name = Frameworks;
			sourceTree = "<group>";
		};
		18C25CE92CBCCB6C00FF4D82 /* MainContenView */ = {
			isa = PBXGroup;
			children = (
				187E99EB2CBCD1F90097CF97 /* Auxiliary */,
				18C25CE52CBBEB8700FF4D82 /* MainContentView.swift */,
			);
			path = MainContenView;
			sourceTree = "<group>";
		};
		18C481202CE7102300C731C3 /* ProductInfoPage */ = {
			isa = PBXGroup;
			children = (
				18C481212CE7105000C731C3 /* ProductInfoPage.swift */,
			);
			path = ProductInfoPage;
			sourceTree = "<group>";
		};
		18DF13472CB3B93C00FDB064 = {
			isa = PBXGroup;
			children = (
				18DF13522CB3B93C00FDB064 /* PracticeDI */,
				18DF13512CB3B93C00FDB064 /* Products */,
				18C25CE02CB93F0B00FF4D82 /* Frameworks */,
			);
			sourceTree = "<group>";
		};
		18DF13512CB3B93C00FDB064 /* Products */ = {
			isa = PBXGroup;
			children = (
				18DF13502CB3B93C00FDB064 /* PracticeDI.app */,
			);
			name = Products;
			sourceTree = "<group>";
		};
		18DF13522CB3B93C00FDB064 /* PracticeDI */ = {
			isa = PBXGroup;
			children = (
				184C12CB2CC6677D00D924D4 /* Sources */,
				187E99F12CBCDA8B0097CF97 /* Info.plist */,
				18DF13662CB3B9B500FDB064 /* Model  */,
				18DF13652CB3B9AE00FDB064 /* ViewModel */,
				18DF13642CB3B9A600FDB064 /* View */,
				18DF13612CB3B96900FDB064 /* Core */,
				18DF13532CB3B93C00FDB064 /* PracticeDIApp.swift */,
				18DF13572CB3B93E00FDB064 /* Assets.xcassets */,
				18DF13592CB3B93E00FDB064 /* Preview Content */,
			);
			path = PracticeDI;
			sourceTree = "<group>";
		};
		18DF13592CB3B93E00FDB064 /* Preview Content */ = {
			isa = PBXGroup;
			children = (
				18DF135A2CB3B93E00FDB064 /* Preview Assets.xcassets */,
			);
			path = "Preview Content";
			sourceTree = "<group>";
		};
		18DF13612CB3B96900FDB064 /* Core */ = {
			isa = PBXGroup;
			children = (
				18DF13792CB3D0EA00FDB064 /* Network */,
				18DF13692CB3BBF800FDB064 /* Dependency */,
				18DF13632CB3B99800FDB064 /* Coodinator */,
			);
			path = Core;
			sourceTree = "<group>";
		};
		18DF13632CB3B99800FDB064 /* Coodinator */ = {
			isa = PBXGroup;
			children = (
				18DF13672CB3BB6100FDB064 /* AppCoordinator.swift */,
				184C12D02CC668EC00D924D4 /* CoordinatorManager.swift */,
				184C12D42CC66A3C00D924D4 /* HomeCoordinator.swift */,
				184C12D62CC76A4D00D924D4 /* ProductsCoordinator.swift */,
				18C481232CEB05F800C731C3 /* CoordinatorProtocol.swift */,
			);
			path = Coodinator;
			sourceTree = "<group>";
		};
		18DF13642CB3B9A600FDB064 /* View */ = {
			isa = PBXGroup;
			children = (
				18C481202CE7102300C731C3 /* ProductInfoPage */,
				184C12DE2CC8F25300D924D4 /* ReusedView */,
				184C12D82CC76B7000D924D4 /* ProductsPage */,
				184C12C72CC6672000D924D4 /* MainTabView */,
				187E99F22CBE2D9F0097CF97 /* InfoAddresses */,
				18C25CE92CBCCB6C00FF4D82 /* MainContenView */,
				18DF13762CB3C3ED00FDB064 /* MainView */,
				18DF13712CB3BD7100FDB064 /* LaunchScreen */,
			);
			path = View;
			sourceTree = "<group>";
		};
		18DF13652CB3B9AE00FDB064 /* ViewModel */ = {
			isa = PBXGroup;
			children = (
				18C25CE32CBBE93900FF4D82 /* MainContentViewModel.swift */,
				184C12F02CD391FF00D924D4 /* ProductsPageViewModel.swift */,
			);
			path = ViewModel;
			sourceTree = "<group>";
		};
		18DF13662CB3B9B500FDB064 /* Model  */ = {
			isa = PBXGroup;
			children = (
				18DF137C2CB3D97000FDB064 /* ResponseCompanies .swift */,
				18DF137E2CB3D99800FDB064 /* UserData.swift */,
				18DF13802CB3D9AE00FDB064 /* Address.swift */,
				18DF13822CB3D9C100FDB064 /* Contact.swift */,
				184C12EA2CD37ECC00D924D4 /* ProductsResponse.swift */,
				184C12EC2CD37F0000D924D4 /* Product.swift */,
				184C12EE2CD37F2E00D924D4 /* ProductImage.swift */,
			);
			path = "Model ";
			sourceTree = "<group>";
		};
		18DF13692CB3BBF800FDB064 /* Dependency */ = {
			isa = PBXGroup;
			children = (
				18DF136A2CB3BC1400FDB064 /* DependencyManager.swift */,
			);
			path = Dependency;
			sourceTree = "<group>";
		};
		18DF13712CB3BD7100FDB064 /* LaunchScreen */ = {
			isa = PBXGroup;
			children = (
				18DF13742CB3BDB100FDB064 /* LaunchScreen.swift */,
			);
			path = LaunchScreen;
			sourceTree = "<group>";
		};
		18DF13762CB3C3ED00FDB064 /* MainView */ = {
			isa = PBXGroup;
			children = (
				18DF13772CB3C3FB00FDB064 /* MainView.swift */,
			);
			path = MainView;
			sourceTree = "<group>";
		};
		18DF13792CB3D0EA00FDB064 /* Network */ = {
			isa = PBXGroup;
			children = (
				18DF137A2CB3D0FB00FDB064 /* TargetService.swift */,
				18C25CDE2CB93A9100FF4D82 /* NetworkManager.swift */,
			);
			path = Network;
			sourceTree = "<group>";
		};
/* End PBXGroup section */

/* Begin PBXNativeTarget section */
		18DF134F2CB3B93C00FDB064 /* PracticeDI */ = {
			isa = PBXNativeTarget;
			buildConfigurationList = 18DF135E2CB3B93E00FDB064 /* Build configuration list for PBXNativeTarget "PracticeDI" */;
			buildPhases = (
				18DF134C2CB3B93C00FDB064 /* Sources */,
				18DF134D2CB3B93C00FDB064 /* Frameworks */,
				18DF134E2CB3B93C00FDB064 /* Resources */,
			);
			buildRules = (
			);
			dependencies = (
			);
			name = PracticeDI;
			packageProductDependencies = (
				18DF136D2CB3BC7A00FDB064 /* Swinject */,
				18C25CE12CB93F0B00FF4D82 /* Moya */,
				187E99EF2CBCD2BB0097CF97 /* Kingfisher */,
			);
			productName = PracticeDI;
			productReference = 18DF13502CB3B93C00FDB064 /* PracticeDI.app */;
			productType = "com.apple.product-type.application";
		};
/* End PBXNativeTarget section */

/* Begin PBXProject section */
		18DF13482CB3B93C00FDB064 /* Project object */ = {
			isa = PBXProject;
			attributes = {
				BuildIndependentTargetsInParallel = 1;
				LastSwiftUpdateCheck = 1540;
				LastUpgradeCheck = 1540;
				TargetAttributes = {
					18DF134F2CB3B93C00FDB064 = {
						CreatedOnToolsVersion = 15.4;
					};
				};
			};
			buildConfigurationList = 18DF134B2CB3B93C00FDB064 /* Build configuration list for PBXProject "PracticeDI" */;
			compatibilityVersion = "Xcode 14.0";
			developmentRegion = en;
			hasScannedForEncodings = 0;
			knownRegions = (
				en,
				Base,
			);
			mainGroup = 18DF13472CB3B93C00FDB064;
			packageReferences = (
				18DF136C2CB3BC7A00FDB064 /* XCRemoteSwiftPackageReference "Swinject" */,
				18D585FF2CB698B40039A0B5 /* XCRemoteSwiftPackageReference "Moya" */,
				187E99EE2CBCD2BB0097CF97 /* XCRemoteSwiftPackageReference "Kingfisher" */,
			);
			productRefGroup = 18DF13512CB3B93C00FDB064 /* Products */;
			projectDirPath = "";
			projectRoot = "";
			targets = (
				18DF134F2CB3B93C00FDB064 /* PracticeDI */,
			);
		};
/* End PBXProject section */

/* Begin PBXResourcesBuildPhase section */
		18DF134E2CB3B93C00FDB064 /* Resources */ = {
			isa = PBXResourcesBuildPhase;
			buildActionMask = 2147483647;
			files = (
				18DF135B2CB3B93E00FDB064 /* Preview Assets.xcassets in Resources */,
				18DF13582CB3B93E00FDB064 /* Assets.xcassets in Resources */,
			);
			runOnlyForDeploymentPostprocessing = 0;
		};
/* End PBXResourcesBuildPhase section */

/* Begin PBXSourcesBuildPhase section */
		18DF134C2CB3B93C00FDB064 /* Sources */ = {
			isa = PBXSourcesBuildPhase;
			buildActionMask = 2147483647;
			files = (
				18C25CDF2CB93A9100FF4D82 /* NetworkManager.swift in Sources */,
				18DF136B2CB3BC1400FDB064 /* DependencyManager.swift in Sources */,
				18DF137D2CB3D97000FDB064 /* ResponseCompanies .swift in Sources */,
				184C12D72CC76A4D00D924D4 /* ProductsCoordinator.swift in Sources */,
				184C12E02CC8F29B00D924D4 /* SearchView.swift in Sources */,
				18DF13782CB3C3FB00FDB064 /* MainView.swift in Sources */,
				184C12D12CC668EC00D924D4 /* CoordinatorManager.swift in Sources */,
				184C12D52CC66A3C00D924D4 /* HomeCoordinator.swift in Sources */,
				184C12DA2CC76B8300D924D4 /* ProductsPage.swift in Sources */,
				184C12F12CD391FF00D924D4 /* ProductsPageViewModel.swift in Sources */,
				18C481242CEB05F800C731C3 /* CoordinatorProtocol.swift in Sources */,
				184C12D32CC6697700D924D4 /* TabViewWithCoordinator.swift in Sources */,
				184C12CD2CC6679600D924D4 /* EnumTabItem.swift in Sources */,
				18DF137F2CB3D99800FDB064 /* UserData.swift in Sources */,
				187E99F42CBE2DC50097CF97 /* InfoAddressesView.swift in Sources */,
				184C12EF2CD37F2E00D924D4 /* ProductImage.swift in Sources */,
				187E99ED2CBCD21B0097CF97 /* InfoCard.swift in Sources */,
				184C12CA2CC6675A00D924D4 /* CustomTubItems.swift in Sources */,
				18DF13812CB3D9AE00FDB064 /* Address.swift in Sources */,
				184C12E32CCFA3A500D924D4 /* ContactInfo.swift in Sources */,
				18C481222CE7105000C731C3 /* ProductInfoPage.swift in Sources */,
				18DF13682CB3BB6100FDB064 /* AppCoordinator.swift in Sources */,
				184C12CF2CC668B600D924D4 /* MainTabView.swift in Sources */,
				18DF13832CB3D9C100FDB064 /* Contact.swift in Sources */,
				184C12ED2CD37F0000D924D4 /* Product.swift in Sources */,
				184C12F42CD4D2CD00D924D4 /* ProductCard.swift in Sources */,
				18DF13752CB3BDB100FDB064 /* LaunchScreen.swift in Sources */,
				18C25CE42CBBE93900FF4D82 /* MainContentViewModel.swift in Sources */,
				184C12EB2CD37ECC00D924D4 /* ProductsResponse.swift in Sources */,
				18DF137B2CB3D0FB00FDB064 /* TargetService.swift in Sources */,
				18DF13542CB3B93C00FDB064 /* PracticeDIApp.swift in Sources */,
				18C25CE62CBBEB8700FF4D82 /* MainContentView.swift in Sources */,
			);
			runOnlyForDeploymentPostprocessing = 0;
		};
/* End PBXSourcesBuildPhase section */

/* Begin XCBuildConfiguration section */
		18DF135C2CB3B93E00FDB064 /* Debug */ = {
			isa = XCBuildConfiguration;
			buildSettings = {
				ALWAYS_SEARCH_USER_PATHS = NO;
				ASSETCATALOG_COMPILER_GENERATE_SWIFT_ASSET_SYMBOL_EXTENSIONS = YES;
				CLANG_ANALYZER_NONNULL = YES;
				CLANG_ANALYZER_NUMBER_OBJECT_CONVERSION = YES_AGGRESSIVE;
				CLANG_CXX_LANGUAGE_STANDARD = "gnu++20";
				CLANG_ENABLE_MODULES = YES;
				CLANG_ENABLE_OBJC_ARC = YES;
				CLANG_ENABLE_OBJC_WEAK = YES;
				CLANG_WARN_BLOCK_CAPTURE_AUTORELEASING = YES;
				CLANG_WARN_BOOL_CONVERSION = YES;
				CLANG_WARN_COMMA = YES;
				CLANG_WARN_CONSTANT_CONVERSION = YES;
				CLANG_WARN_DEPRECATED_OBJC_IMPLEMENTATIONS = YES;
				CLANG_WARN_DIRECT_OBJC_ISA_USAGE = YES_ERROR;
				CLANG_WARN_DOCUMENTATION_COMMENTS = YES;
				CLANG_WARN_EMPTY_BODY = YES;
				CLANG_WARN_ENUM_CONVERSION = YES;
				CLANG_WARN_INFINITE_RECURSION = YES;
				CLANG_WARN_INT_CONVERSION = YES;
				CLANG_WARN_NON_LITERAL_NULL_CONVERSION = YES;
				CLANG_WARN_OBJC_IMPLICIT_RETAIN_SELF = YES;
				CLANG_WARN_OBJC_LITERAL_CONVERSION = YES;
				CLANG_WARN_OBJC_ROOT_CLASS = YES_ERROR;
				CLANG_WARN_QUOTED_INCLUDE_IN_FRAMEWORK_HEADER = YES;
				CLANG_WARN_RANGE_LOOP_ANALYSIS = YES;
				CLANG_WARN_STRICT_PROTOTYPES = YES;
				CLANG_WARN_SUSPICIOUS_MOVE = YES;
				CLANG_WARN_UNGUARDED_AVAILABILITY = YES_AGGRESSIVE;
				CLANG_WARN_UNREACHABLE_CODE = YES;
				CLANG_WARN__DUPLICATE_METHOD_MATCH = YES;
				COPY_PHASE_STRIP = NO;
				DEBUG_INFORMATION_FORMAT = dwarf;
				ENABLE_STRICT_OBJC_MSGSEND = YES;
				ENABLE_TESTABILITY = YES;
				ENABLE_USER_SCRIPT_SANDBOXING = YES;
				GCC_C_LANGUAGE_STANDARD = gnu17;
				GCC_DYNAMIC_NO_PIC = NO;
				GCC_NO_COMMON_BLOCKS = YES;
				GCC_OPTIMIZATION_LEVEL = 0;
				GCC_PREPROCESSOR_DEFINITIONS = (
					"DEBUG=1",
					"$(inherited)",
				);
				GCC_WARN_64_TO_32_BIT_CONVERSION = YES;
				GCC_WARN_ABOUT_RETURN_TYPE = YES_ERROR;
				GCC_WARN_UNDECLARED_SELECTOR = YES;
				GCC_WARN_UNINITIALIZED_AUTOS = YES_AGGRESSIVE;
				GCC_WARN_UNUSED_FUNCTION = YES;
				GCC_WARN_UNUSED_VARIABLE = YES;
				IPHONEOS_DEPLOYMENT_TARGET = 17.5;
				LOCALIZATION_PREFERS_STRING_CATALOGS = YES;
				MTL_ENABLE_DEBUG_INFO = INCLUDE_SOURCE;
				MTL_FAST_MATH = YES;
				ONLY_ACTIVE_ARCH = YES;
				SDKROOT = iphoneos;
				SWIFT_ACTIVE_COMPILATION_CONDITIONS = "DEBUG $(inherited)";
				SWIFT_OPTIMIZATION_LEVEL = "-Onone";
			};
			name = Debug;
		};
		18DF135D2CB3B93E00FDB064 /* Release */ = {
			isa = XCBuildConfiguration;
			buildSettings = {
				ALWAYS_SEARCH_USER_PATHS = NO;
				ASSETCATALOG_COMPILER_GENERATE_SWIFT_ASSET_SYMBOL_EXTENSIONS = YES;
				CLANG_ANALYZER_NONNULL = YES;
				CLANG_ANALYZER_NUMBER_OBJECT_CONVERSION = YES_AGGRESSIVE;
				CLANG_CXX_LANGUAGE_STANDARD = "gnu++20";
				CLANG_ENABLE_MODULES = YES;
				CLANG_ENABLE_OBJC_ARC = YES;
				CLANG_ENABLE_OBJC_WEAK = YES;
				CLANG_WARN_BLOCK_CAPTURE_AUTORELEASING = YES;
				CLANG_WARN_BOOL_CONVERSION = YES;
				CLANG_WARN_COMMA = YES;
				CLANG_WARN_CONSTANT_CONVERSION = YES;
				CLANG_WARN_DEPRECATED_OBJC_IMPLEMENTATIONS = YES;
				CLANG_WARN_DIRECT_OBJC_ISA_USAGE = YES_ERROR;
				CLANG_WARN_DOCUMENTATION_COMMENTS = YES;
				CLANG_WARN_EMPTY_BODY = YES;
				CLANG_WARN_ENUM_CONVERSION = YES;
				CLANG_WARN_INFINITE_RECURSION = YES;
				CLANG_WARN_INT_CONVERSION = YES;
				CLANG_WARN_NON_LITERAL_NULL_CONVERSION = YES;
				CLANG_WARN_OBJC_IMPLICIT_RETAIN_SELF = YES;
				CLANG_WARN_OBJC_LITERAL_CONVERSION = YES;
				CLANG_WARN_OBJC_ROOT_CLASS = YES_ERROR;
				CLANG_WARN_QUOTED_INCLUDE_IN_FRAMEWORK_HEADER = YES;
				CLANG_WARN_RANGE_LOOP_ANALYSIS = YES;
				CLANG_WARN_STRICT_PROTOTYPES = YES;
				CLANG_WARN_SUSPICIOUS_MOVE = YES;
				CLANG_WARN_UNGUARDED_AVAILABILITY = YES_AGGRESSIVE;
				CLANG_WARN_UNREACHABLE_CODE = YES;
				CLANG_WARN__DUPLICATE_METHOD_MATCH = YES;
				COPY_PHASE_STRIP = NO;
				DEBUG_INFORMATION_FORMAT = "dwarf-with-dsym";
				ENABLE_NS_ASSERTIONS = NO;
				ENABLE_STRICT_OBJC_MSGSEND = YES;
				ENABLE_USER_SCRIPT_SANDBOXING = YES;
				GCC_C_LANGUAGE_STANDARD = gnu17;
				GCC_NO_COMMON_BLOCKS = YES;
				GCC_WARN_64_TO_32_BIT_CONVERSION = YES;
				GCC_WARN_ABOUT_RETURN_TYPE = YES_ERROR;
				GCC_WARN_UNDECLARED_SELECTOR = YES;
				GCC_WARN_UNINITIALIZED_AUTOS = YES_AGGRESSIVE;
				GCC_WARN_UNUSED_FUNCTION = YES;
				GCC_WARN_UNUSED_VARIABLE = YES;
				IPHONEOS_DEPLOYMENT_TARGET = 17.5;
				LOCALIZATION_PREFERS_STRING_CATALOGS = YES;
				MTL_ENABLE_DEBUG_INFO = NO;
				MTL_FAST_MATH = YES;
				SDKROOT = iphoneos;
				SWIFT_COMPILATION_MODE = wholemodule;
				VALIDATE_PRODUCT = YES;
			};
			name = Release;
		};
		18DF135F2CB3B93E00FDB064 /* Debug */ = {
			isa = XCBuildConfiguration;
			buildSettings = {
				ASSETCATALOG_COMPILER_APPICON_NAME = AppIcon;
				ASSETCATALOG_COMPILER_GLOBAL_ACCENT_COLOR_NAME = AccentColor;
				CODE_SIGN_STYLE = Automatic;
				CURRENT_PROJECT_VERSION = 1;
				DEVELOPMENT_ASSET_PATHS = "\"PracticeDI/Preview Content\"";
				DEVELOPMENT_TEAM = P5JPX93769;
				ENABLE_PREVIEWS = YES;
				GENERATE_INFOPLIST_FILE = YES;
				INFOPLIST_FILE = PracticeDI/Info.plist;
				INFOPLIST_KEY_UIApplicationSceneManifest_Generation = YES;
				INFOPLIST_KEY_UIApplicationSupportsIndirectInputEvents = YES;
				INFOPLIST_KEY_UILaunchScreen_Generation = YES;
				INFOPLIST_KEY_UISupportedInterfaceOrientations_iPad = "UIInterfaceOrientationPortrait UIInterfaceOrientationPortraitUpsideDown UIInterfaceOrientationLandscapeLeft UIInterfaceOrientationLandscapeRight";
				INFOPLIST_KEY_UISupportedInterfaceOrientations_iPhone = "UIInterfaceOrientationPortrait UIInterfaceOrientationLandscapeLeft UIInterfaceOrientationLandscapeRight";
				LD_RUNPATH_SEARCH_PATHS = (
					"$(inherited)",
					"@executable_path/Frameworks",
				);
				MARKETING_VERSION = 1.0;
				PRODUCT_BUNDLE_IDENTIFIER = ali.S.PracticeDI;
				PRODUCT_NAME = "$(TARGET_NAME)";
				SWIFT_EMIT_LOC_STRINGS = YES;
				SWIFT_VERSION = 5.0;
				TARGETED_DEVICE_FAMILY = "1,2";
			};
			name = Debug;
		};
		18DF13602CB3B93E00FDB064 /* Release */ = {
			isa = XCBuildConfiguration;
			buildSettings = {
				ASSETCATALOG_COMPILER_APPICON_NAME = AppIcon;
				ASSETCATALOG_COMPILER_GLOBAL_ACCENT_COLOR_NAME = AccentColor;
				CODE_SIGN_STYLE = Automatic;
				CURRENT_PROJECT_VERSION = 1;
				DEVELOPMENT_ASSET_PATHS = "\"PracticeDI/Preview Content\"";
				DEVELOPMENT_TEAM = P5JPX93769;
				ENABLE_PREVIEWS = YES;
				GENERATE_INFOPLIST_FILE = YES;
				INFOPLIST_FILE = PracticeDI/Info.plist;
				INFOPLIST_KEY_UIApplicationSceneManifest_Generation = YES;
				INFOPLIST_KEY_UIApplicationSupportsIndirectInputEvents = YES;
				INFOPLIST_KEY_UILaunchScreen_Generation = YES;
				INFOPLIST_KEY_UISupportedInterfaceOrientations_iPad = "UIInterfaceOrientationPortrait UIInterfaceOrientationPortraitUpsideDown UIInterfaceOrientationLandscapeLeft UIInterfaceOrientationLandscapeRight";
				INFOPLIST_KEY_UISupportedInterfaceOrientations_iPhone = "UIInterfaceOrientationPortrait UIInterfaceOrientationLandscapeLeft UIInterfaceOrientationLandscapeRight";
				LD_RUNPATH_SEARCH_PATHS = (
					"$(inherited)",
					"@executable_path/Frameworks",
				);
				MARKETING_VERSION = 1.0;
				PRODUCT_BUNDLE_IDENTIFIER = ali.S.PracticeDI;
				PRODUCT_NAME = "$(TARGET_NAME)";
				SWIFT_EMIT_LOC_STRINGS = YES;
				SWIFT_VERSION = 5.0;
				TARGETED_DEVICE_FAMILY = "1,2";
			};
			name = Release;
		};
/* End XCBuildConfiguration section */

/* Begin XCConfigurationList section */
		18DF134B2CB3B93C00FDB064 /* Build configuration list for PBXProject "PracticeDI" */ = {
			isa = XCConfigurationList;
			buildConfigurations = (
				18DF135C2CB3B93E00FDB064 /* Debug */,
				18DF135D2CB3B93E00FDB064 /* Release */,
			);
			defaultConfigurationIsVisible = 0;
			defaultConfigurationName = Release;
		};
		18DF135E2CB3B93E00FDB064 /* Build configuration list for PBXNativeTarget "PracticeDI" */ = {
			isa = XCConfigurationList;
			buildConfigurations = (
				18DF135F2CB3B93E00FDB064 /* Debug */,
				18DF13602CB3B93E00FDB064 /* Release */,
			);
			defaultConfigurationIsVisible = 0;
			defaultConfigurationName = Release;
		};
/* End XCConfigurationList section */

/* Begin XCRemoteSwiftPackageReference section */
		187E99EE2CBCD2BB0097CF97 /* XCRemoteSwiftPackageReference "Kingfisher" */ = {
			isa = XCRemoteSwiftPackageReference;
			repositoryURL = "https://github.com/onevcat/Kingfisher";
			requirement = {
				kind = upToNextMajorVersion;
				minimumVersion = 8.1.0;
			};
		};
		18D585FF2CB698B40039A0B5 /* XCRemoteSwiftPackageReference "Moya" */ = {
			isa = XCRemoteSwiftPackageReference;
			repositoryURL = "https://github.com/Moya/Moya.git";
			requirement = {
				kind = upToNextMajorVersion;
				minimumVersion = 15.0.3;
			};
		};
		18DF136C2CB3BC7A00FDB064 /* XCRemoteSwiftPackageReference "Swinject" */ = {
			isa = XCRemoteSwiftPackageReference;
			repositoryURL = "https://github.com/Swinject/Swinject";
			requirement = {
				kind = upToNextMajorVersion;
				minimumVersion = 2.9.1;
			};
		};
/* End XCRemoteSwiftPackageReference section */

/* Begin XCSwiftPackageProductDependency section */
		187E99EF2CBCD2BB0097CF97 /* Kingfisher */ = {
			isa = XCSwiftPackageProductDependency;
			package = 187E99EE2CBCD2BB0097CF97 /* XCRemoteSwiftPackageReference "Kingfisher" */;
			productName = Kingfisher;
		};
		18C25CE12CB93F0B00FF4D82 /* Moya */ = {
			isa = XCSwiftPackageProductDependency;
			package = 18D585FF2CB698B40039A0B5 /* XCRemoteSwiftPackageReference "Moya" */;
			productName = Moya;
		};
		18DF136D2CB3BC7A00FDB064 /* Swinject */ = {
			isa = XCSwiftPackageProductDependency;
			package = 18DF136C2CB3BC7A00FDB064 /* XCRemoteSwiftPackageReference "Swinject" */;
			productName = Swinject;
		};
/* End XCSwiftPackageProductDependency section */
	};
	rootObject = 18DF13482CB3B93C00FDB064 /* Project object */;
}
